
Microsoft Visual Studio Solution File, Format Version 12.00
# Visual Studio Version 16
VisualStudioVersion = 16.0.30413.136
MinimumVisualStudioVersion = 10.0.40219.1
Project("{6EC3EE1D-3C4E-46DD-8F32-0CC8E7565705}") = "codewars", "codewars.fsproj", "{D0552D84-1BEC-443F-A6CA-F93A26613876}"
EndProject
Global
	GlobalSection(SolutionConfigurationPlatforms) = preSolution
		Debug|Any CPU = Debug|Any CPU
		Release|Any CPU = Release|Any CPU
	EndGlobalSection
	GlobalSection(ProjectConfigurationPlatforms) = postSolution
		{D0552D84-1BEC-443F-A6CA-F93A26613876}.Debug|Any CPU.ActiveCfg = Debug|Any CPU
		{D0552D84-1BEC-443F-A6CA-F93A26613876}.Debug|Any CPU.Build.0 = Debug|Any CPU
		{D0552D84-1BEC-443F-A6CA-F93A26613876}.Release|Any CPU.ActiveCfg = Release|Any CPU
		{D0552D84-1BEC-443F-A6CA-F93A26613876}.Release|Any CPU.Build.0 = Release|Any CPU
	EndGlobalSection
	GlobalSection(SolutionProperties) = preSolution
		HideSolutionNode = FALSE
	EndGlobalSection
	GlobalSection(ExtensibilityGlobals) = postSolution
		SolutionGuid = {FE0FEB6B-9299-43ED-A8C6-E0127DC243C2}
	EndGlobalSection
EndGlobal
