
Microsoft Visual Studio Solution File, Format Version 12.00
Project("{FAE04EC0-301F-11D3-BF4B-00C04F79EFBC}") = "Арбуз", "Арбуз\Арбуз.csproj", "{A506014F-46AC-4A87-A793-BA026225F1AD}"
EndProject
Project("{2150E333-8FDC-42A3-9474-1A3956D46DE8}") = "A", "A", "{B704A31E-3921-4FE8-A4DE-08AA15779E33}"
EndProject
Project("{FAE04EC0-301F-11D3-BF4B-00C04F79EFBC}") = "Слишком длинные слова", "Слишком длинные слова\Слишком длинные слова.csproj", "{16896AF1-6E42-4573-9A7D-1BCA81CD335D}"
EndProject
Global
	GlobalSection(SolutionConfigurationPlatforms) = preSolution
		Debug|Any CPU = Debug|Any CPU
		Release|Any CPU = Release|Any CPU
	EndGlobalSection
	GlobalSection(ProjectConfigurationPlatforms) = postSolution
		{A506014F-46AC-4A87-A793-BA026225F1AD}.Debug|Any CPU.ActiveCfg = Debug|Any CPU
		{A506014F-46AC-4A87-A793-BA026225F1AD}.Debug|Any CPU.Build.0 = Debug|Any CPU
		{A506014F-46AC-4A87-A793-BA026225F1AD}.Release|Any CPU.ActiveCfg = Release|Any CPU
		{A506014F-46AC-4A87-A793-BA026225F1AD}.Release|Any CPU.Build.0 = Release|Any CPU
		{16896AF1-6E42-4573-9A7D-1BCA81CD335D}.Debug|Any CPU.ActiveCfg = Debug|Any CPU
		{16896AF1-6E42-4573-9A7D-1BCA81CD335D}.Debug|Any CPU.Build.0 = Debug|Any CPU
		{16896AF1-6E42-4573-9A7D-1BCA81CD335D}.Release|Any CPU.ActiveCfg = Release|Any CPU
		{16896AF1-6E42-4573-9A7D-1BCA81CD335D}.Release|Any CPU.Build.0 = Release|Any CPU
	EndGlobalSection
	GlobalSection(NestedProjects) = preSolution
		{A506014F-46AC-4A87-A793-BA026225F1AD} = {B704A31E-3921-4FE8-A4DE-08AA15779E33}
		{16896AF1-6E42-4573-9A7D-1BCA81CD335D} = {B704A31E-3921-4FE8-A4DE-08AA15779E33}
	EndGlobalSection
EndGlobal
